
Microsoft Visual Studio Solution File, Format Version 12.00
# Visual Studio Version 17
VisualStudioVersion = 17.11.35219.272
MinimumVisualStudioVersion = 10.0.40219.1
Project("{FAE04EC0-301F-11D3-BF4B-00C04F79EFBC}") = "roulette", "roulette.csproj", "{769F28CB-5468-4745-AC9A-D18EE763BB7A}"
EndProject
Global
	GlobalSection(SolutionConfigurationPlatforms) = preSolution
		Debug|Any CPU = Debug|Any CPU
		Release|Any CPU = Release|Any CPU
	EndGlobalSection
	GlobalSection(ProjectConfigurationPlatforms) = postSolution
		{769F28CB-5468-4745-AC9A-D18EE763BB7A}.Debug|Any CPU.ActiveCfg = Debug|Any CPU
		{769F28CB-5468-4745-AC9A-D18EE763BB7A}.Debug|Any CPU.Build.0 = Debug|Any CPU
		{769F28CB-5468-4745-AC9A-D18EE763BB7A}.Release|Any CPU.ActiveCfg = Release|Any CPU
		{769F28CB-5468-4745-AC9A-D18EE763BB7A}.Release|Any CPU.Build.0 = Release|Any CPU
	EndGlobalSection
	GlobalSection(SolutionProperties) = preSolution
		HideSolutionNode = FALSE
	EndGlobalSection
	GlobalSection(ExtensibilityGlobals) = postSolution
		SolutionGuid = {AB76A250-9CB0-4BD8-8CDE-6EB0F89C0AA2}
	EndGlobalSection
EndGlobal
